
Microsoft Visual Studio Solution File, Format Version 12.00
# Visual Studio 15
VisualStudioVersion = 15.0.28307.438
MinimumVisualStudioVersion = 10.0.40219.1
Project("{FAE04EC0-301F-11D3-BF4B-00C04F79EFBC}") = "DipTestingExercises", "DipTestingExercises\DipTestingExercises.csproj", "{BFE1607B-5E35-4529-963D-B7560C388E2B}"
EndProject
Project("{FAE04EC0-301F-11D3-BF4B-00C04F79EFBC}") = "DipTestingExercise.Testing", "DipTestingExercise.Testing\DipTestingExercise.Testing.csproj", "{B1D848AC-3B3C-4C86-AF18-9BD2728B174A}"
EndProject
Global
	GlobalSection(SolutionConfigurationPlatforms) = preSolution
		Debug|Any CPU = Debug|Any CPU
		Release|Any CPU = Release|Any CPU
	EndGlobalSection
	GlobalSection(ProjectConfigurationPlatforms) = postSolution
		{BFE1607B-5E35-4529-963D-B7560C388E2B}.Debug|Any CPU.ActiveCfg = Debug|Any CPU
		{BFE1607B-5E35-4529-963D-B7560C388E2B}.Debug|Any CPU.Build.0 = Debug|Any CPU
		{BFE1607B-5E35-4529-963D-B7560C388E2B}.Release|Any CPU.ActiveCfg = Release|Any CPU
		{BFE1607B-5E35-4529-963D-B7560C388E2B}.Release|Any CPU.Build.0 = Release|Any CPU
		{B1D848AC-3B3C-4C86-AF18-9BD2728B174A}.Debug|Any CPU.ActiveCfg = Debug|Any CPU
		{B1D848AC-3B3C-4C86-AF18-9BD2728B174A}.Debug|Any CPU.Build.0 = Debug|Any CPU
		{B1D848AC-3B3C-4C86-AF18-9BD2728B174A}.Release|Any CPU.ActiveCfg = Release|Any CPU
		{B1D848AC-3B3C-4C86-AF18-9BD2728B174A}.Release|Any CPU.Build.0 = Release|Any CPU
	EndGlobalSection
	GlobalSection(SolutionProperties) = preSolution
		HideSolutionNode = FALSE
	EndGlobalSection
	GlobalSection(ExtensibilityGlobals) = postSolution
		SolutionGuid = {17CF7E1F-0E01-4890-968D-AE61AFEB8F0D}
	EndGlobalSection
EndGlobal
